
Microsoft Visual Studio Solution File, Format Version 12.00
# Visual Studio Version 17
VisualStudioVersion = 17.13.35828.75 d17.13
MinimumVisualStudioVersion = 10.0.40219.1
Project("{8BC9CEB8-8B4A-11D0-8D11-00A0C91BC942}") = "hw_3", "hw_3.vcxproj", "{D0011CA2-1A2B-4577-A3E6-3BC8D4382751}"
EndProject
Global
	GlobalSection(SolutionConfigurationPlatforms) = preSolution
		Debug|x64 = Debug|x64
		Debug|x86 = Debug|x86
		Release|x64 = Release|x64
		Release|x86 = Release|x86
	EndGlobalSection
	GlobalSection(ProjectConfigurationPlatforms) = postSolution
		{D0011CA2-1A2B-4577-A3E6-3BC8D4382751}.Debug|x64.ActiveCfg = Debug|x64
		{D0011CA2-1A2B-4577-A3E6-3BC8D4382751}.Debug|x64.Build.0 = Debug|x64
		{D0011CA2-1A2B-4577-A3E6-3BC8D4382751}.Debug|x86.ActiveCfg = Debug|Win32
		{D0011CA2-1A2B-4577-A3E6-3BC8D4382751}.Debug|x86.Build.0 = Debug|Win32
		{D0011CA2-1A2B-4577-A3E6-3BC8D4382751}.Release|x64.ActiveCfg = Release|x64
		{D0011CA2-1A2B-4577-A3E6-3BC8D4382751}.Release|x64.Build.0 = Release|x64
		{D0011CA2-1A2B-4577-A3E6-3BC8D4382751}.Release|x86.ActiveCfg = Release|Win32
		{D0011CA2-1A2B-4577-A3E6-3BC8D4382751}.Release|x86.Build.0 = Release|Win32
	EndGlobalSection
	GlobalSection(SolutionProperties) = preSolution
		HideSolutionNode = FALSE
	EndGlobalSection
	GlobalSection(ExtensibilityGlobals) = postSolution
		SolutionGuid = {121DE47D-D362-4814-956D-C056B0512BB9}
	EndGlobalSection
EndGlobal
